
Microsoft Visual Studio Solution File, Format Version 12.00
# Visual Studio Version 16
VisualStudioVersion = 16.0.32602.291
MinimumVisualStudioVersion = 10.0.40219.1
Project("{FAE04EC0-301F-11D3-BF4B-00C04F79EFBC}") = "WebStudyDiary", "WebStudyDiary.csproj", "{9AC32362-7E33-4920-9F10-2AC532F9B9AE}"
EndProject
Global
	GlobalSection(SolutionConfigurationPlatforms) = preSolution
		Debug|Any CPU = Debug|Any CPU
		Release|Any CPU = Release|Any CPU
	EndGlobalSection
	GlobalSection(ProjectConfigurationPlatforms) = postSolution
		{9AC32362-7E33-4920-9F10-2AC532F9B9AE}.Debug|Any CPU.ActiveCfg = Debug|Any CPU
		{9AC32362-7E33-4920-9F10-2AC532F9B9AE}.Debug|Any CPU.Build.0 = Debug|Any CPU
		{9AC32362-7E33-4920-9F10-2AC532F9B9AE}.Release|Any CPU.ActiveCfg = Release|Any CPU
		{9AC32362-7E33-4920-9F10-2AC532F9B9AE}.Release|Any CPU.Build.0 = Release|Any CPU
	EndGlobalSection
	GlobalSection(SolutionProperties) = preSolution
		HideSolutionNode = FALSE
	EndGlobalSection
	GlobalSection(ExtensibilityGlobals) = postSolution
		SolutionGuid = {FDDCDE6A-1444-4DA0-9F23-E92E73427A99}
	EndGlobalSection
EndGlobal
